
Microsoft Visual Studio Solution File, Format Version 12.00
# Visual Studio Version 17
VisualStudioVersion = 17.14.36623.8 d17.14
MinimumVisualStudioVersion = 10.0.40219.1
Project("{2150E333-8FDC-42A3-9474-1A3956D46DE8}") = "src", "src", "{02EA681E-C7D8-13C7-8484-4AC65E1B71E8}"
EndProject
Project("{2150E333-8FDC-42A3-9474-1A3956D46DE8}") = "tests", "tests", "{46A34A8E-3C7C-4CE2-840E-D1A45C771E1A}"
EndProject
Project("{FAE04EC0-301F-11D3-BF4B-00C04F79EFBC}") = "DurjoyBDNews24.Domain", "DurjoyBDNews24.Domain\DurjoyBDNews24.Domain.csproj", "{5C330158-673E-4020-87C0-E7BA4367EAB5}"
EndProject
Project("{FAE04EC0-301F-11D3-BF4B-00C04F79EFBC}") = "DurjoyBDNews24.Application", "DurjoyBDNews24.Application\DurjoyBDNews24.Application.csproj", "{B8A642B8-CD97-4303-9ACB-36745EB934E5}"
EndProject
Project("{FAE04EC0-301F-11D3-BF4B-00C04F79EFBC}") = "DurjoyBDNews24.Infrastructure", "DurjoyBDNews24.Infrastructure\DurjoyBDNews24.Infrastructure.csproj", "{D3C2B297-8B4A-4699-BCB5-613A04675881}"
EndProject
Project("{FAE04EC0-301F-11D3-BF4B-00C04F79EFBC}") = "DurjoyBDNews24.Shared", "DurjoyBDNews24.Shared\DurjoyBDNews24.Shared.csproj", "{B660FC8F-FEB5-442C-8894-E56D969F7BDA}"
EndProject
Project("{FAE04EC0-301F-11D3-BF4B-00C04F79EFBC}") = "DurjoyBDNews24.API", "DurjoyBDNews24.API\DurjoyBDNews24.API.csproj", "{0A47DFD2-65E7-4D62-BBE4-23444E2364A2}"
EndProject
Project("{FAE04EC0-301F-11D3-BF4B-00C04F79EFBC}") = "DurjoyBDNews24.Web", "DurjoyBDNews24.Web\DurjoyBDNews24.Web.csproj", "{27304A6B-B776-44C5-824A-24CB60CF9CCA}"
EndProject
Project("{FAE04EC0-301F-11D3-BF4B-00C04F79EFBC}") = "DurjoyBDNews24.Admin", "DurjoyBDNews24.Admin\DurjoyBDNews24.Admin.csproj", "{DD3056F2-C922-4987-9381-7849884DB9D6}"
EndProject
Project("{FAE04EC0-301F-11D3-BF4B-00C04F79EFBC}") = "DurjoyBDNews24.UnitTests", "DurjoyBDNews24.UnitTests\DurjoyBDNews24.UnitTests.csproj", "{6C6CC1B8-B34C-41E1-A818-50971608CE0A}"
EndProject
Global
	GlobalSection(SolutionConfigurationPlatforms) = preSolution
		Debug|Any CPU = Debug|Any CPU
		Release|Any CPU = Release|Any CPU
	EndGlobalSection
	GlobalSection(ProjectConfigurationPlatforms) = postSolution
		{5C330158-673E-4020-87C0-E7BA4367EAB5}.Debug|Any CPU.ActiveCfg = Debug|Any CPU
		{5C330158-673E-4020-87C0-E7BA4367EAB5}.Debug|Any CPU.Build.0 = Debug|Any CPU
		{5C330158-673E-4020-87C0-E7BA4367EAB5}.Release|Any CPU.ActiveCfg = Release|Any CPU
		{5C330158-673E-4020-87C0-E7BA4367EAB5}.Release|Any CPU.Build.0 = Release|Any CPU
		{B8A642B8-CD97-4303-9ACB-36745EB934E5}.Debug|Any CPU.ActiveCfg = Debug|Any CPU
		{B8A642B8-CD97-4303-9ACB-36745EB934E5}.Debug|Any CPU.Build.0 = Debug|Any CPU
		{B8A642B8-CD97-4303-9ACB-36745EB934E5}.Release|Any CPU.ActiveCfg = Release|Any CPU
		{B8A642B8-CD97-4303-9ACB-36745EB934E5}.Release|Any CPU.Build.0 = Release|Any CPU
		{D3C2B297-8B4A-4699-BCB5-613A04675881}.Debug|Any CPU.ActiveCfg = Debug|Any CPU
		{D3C2B297-8B4A-4699-BCB5-613A04675881}.Debug|Any CPU.Build.0 = Debug|Any CPU
		{D3C2B297-8B4A-4699-BCB5-613A04675881}.Release|Any CPU.ActiveCfg = Release|Any CPU
		{D3C2B297-8B4A-4699-BCB5-613A04675881}.Release|Any CPU.Build.0 = Release|Any CPU
		{B660FC8F-FEB5-442C-8894-E56D969F7BDA}.Debug|Any CPU.ActiveCfg = Debug|Any CPU
		{B660FC8F-FEB5-442C-8894-E56D969F7BDA}.Debug|Any CPU.Build.0 = Debug|Any CPU
		{B660FC8F-FEB5-442C-8894-E56D969F7BDA}.Release|Any CPU.ActiveCfg = Release|Any CPU
		{B660FC8F-FEB5-442C-8894-E56D969F7BDA}.Release|Any CPU.Build.0 = Release|Any CPU
		{0A47DFD2-65E7-4D62-BBE4-23444E2364A2}.Debug|Any CPU.ActiveCfg = Debug|Any CPU
		{0A47DFD2-65E7-4D62-BBE4-23444E2364A2}.Debug|Any CPU.Build.0 = Debug|Any CPU
		{0A47DFD2-65E7-4D62-BBE4-23444E2364A2}.Release|Any CPU.ActiveCfg = Release|Any CPU
		{0A47DFD2-65E7-4D62-BBE4-23444E2364A2}.Release|Any CPU.Build.0 = Release|Any CPU
		{27304A6B-B776-44C5-824A-24CB60CF9CCA}.Debug|Any CPU.ActiveCfg = Debug|Any CPU
		{27304A6B-B776-44C5-824A-24CB60CF9CCA}.Debug|Any CPU.Build.0 = Debug|Any CPU
		{27304A6B-B776-44C5-824A-24CB60CF9CCA}.Release|Any CPU.ActiveCfg = Release|Any CPU
		{27304A6B-B776-44C5-824A-24CB60CF9CCA}.Release|Any CPU.Build.0 = Release|Any CPU
		{DD3056F2-C922-4987-9381-7849884DB9D6}.Debug|Any CPU.ActiveCfg = Debug|Any CPU
		{DD3056F2-C922-4987-9381-7849884DB9D6}.Debug|Any CPU.Build.0 = Debug|Any CPU
		{DD3056F2-C922-4987-9381-7849884DB9D6}.Release|Any CPU.ActiveCfg = Release|Any CPU
		{DD3056F2-C922-4987-9381-7849884DB9D6}.Release|Any CPU.Build.0 = Release|Any CPU
		{6C6CC1B8-B34C-41E1-A818-50971608CE0A}.Debug|Any CPU.ActiveCfg = Debug|Any CPU
		{6C6CC1B8-B34C-41E1-A818-50971608CE0A}.Debug|Any CPU.Build.0 = Debug|Any CPU
		{6C6CC1B8-B34C-41E1-A818-50971608CE0A}.Release|Any CPU.ActiveCfg = Release|Any CPU
		{6C6CC1B8-B34C-41E1-A818-50971608CE0A}.Release|Any CPU.Build.0 = Release|Any CPU
	EndGlobalSection
	GlobalSection(SolutionProperties) = preSolution
		HideSolutionNode = FALSE
	EndGlobalSection
	GlobalSection(NestedProjects) = preSolution
		{5C330158-673E-4020-87C0-E7BA4367EAB5} = {02EA681E-C7D8-13C7-8484-4AC65E1B71E8}
		{B8A642B8-CD97-4303-9ACB-36745EB934E5} = {02EA681E-C7D8-13C7-8484-4AC65E1B71E8}
		{D3C2B297-8B4A-4699-BCB5-613A04675881} = {02EA681E-C7D8-13C7-8484-4AC65E1B71E8}
		{B660FC8F-FEB5-442C-8894-E56D969F7BDA} = {02EA681E-C7D8-13C7-8484-4AC65E1B71E8}
		{0A47DFD2-65E7-4D62-BBE4-23444E2364A2} = {02EA681E-C7D8-13C7-8484-4AC65E1B71E8}
		{27304A6B-B776-44C5-824A-24CB60CF9CCA} = {02EA681E-C7D8-13C7-8484-4AC65E1B71E8}
		{DD3056F2-C922-4987-9381-7849884DB9D6} = {02EA681E-C7D8-13C7-8484-4AC65E1B71E8}
		{6C6CC1B8-B34C-41E1-A818-50971608CE0A} = {46A34A8E-3C7C-4CE2-840E-D1A45C771E1A}
	EndGlobalSection
	GlobalSection(ExtensibilityGlobals) = postSolution
		SolutionGuid = {933A6071-B286-4839-B42A-2B986183EB8B}
	EndGlobalSection
EndGlobal
